
Microsoft Visual Studio Solution File, Format Version 12.00
# Visual Studio Version 16
VisualStudioVersion = 16.0.31112.23
MinimumVisualStudioVersion = 10.0.40219.1
Project("{FAE04EC0-301F-11D3-BF4B-00C04F79EFBC}") = "Learning-C-sharp-Algos", "Learning-C-sharp-Algos\Learning-C-sharp-Algos.csproj", "{1A76DD09-277D-4E1C-AA9C-A01DB018AE0B}"
EndProject
Global
	GlobalSection(SolutionConfigurationPlatforms) = preSolution
		Debug|Any CPU = Debug|Any CPU
		Release|Any CPU = Release|Any CPU
	EndGlobalSection
	GlobalSection(ProjectConfigurationPlatforms) = postSolution
		{1A76DD09-277D-4E1C-AA9C-A01DB018AE0B}.Debug|Any CPU.ActiveCfg = Debug|Any CPU
		{1A76DD09-277D-4E1C-AA9C-A01DB018AE0B}.Debug|Any CPU.Build.0 = Debug|Any CPU
		{1A76DD09-277D-4E1C-AA9C-A01DB018AE0B}.Release|Any CPU.ActiveCfg = Release|Any CPU
		{1A76DD09-277D-4E1C-AA9C-A01DB018AE0B}.Release|Any CPU.Build.0 = Release|Any CPU
	EndGlobalSection
	GlobalSection(SolutionProperties) = preSolution
		HideSolutionNode = FALSE
	EndGlobalSection
	GlobalSection(ExtensibilityGlobals) = postSolution
		SolutionGuid = {7FF7F0F4-D9FB-480D-9AC3-F861F67653FE}
	EndGlobalSection
EndGlobal
